
Microsoft Visual Studio Solution File, Format Version 12.00
# Visual Studio Version 17
VisualStudioVersion = 17.1.32319.34
MinimumVisualStudioVersion = 10.0.40219.1
Project("{FAE04EC0-301F-11D3-BF4B-00C04F79EFBC}") = "Gestion", "Gestion\Gestion.csproj", "{FA5BC3F5-010F-4B9A-AAB3-1C24A76BB519}"
EndProject
Global
	GlobalSection(SolutionConfigurationPlatforms) = preSolution
		Debug|Any CPU = Debug|Any CPU
		Release|Any CPU = Release|Any CPU
	EndGlobalSection
	GlobalSection(ProjectConfigurationPlatforms) = postSolution
		{FA5BC3F5-010F-4B9A-AAB3-1C24A76BB519}.Debug|Any CPU.ActiveCfg = Debug|Any CPU
		{FA5BC3F5-010F-4B9A-AAB3-1C24A76BB519}.Debug|Any CPU.Build.0 = Debug|Any CPU
		{FA5BC3F5-010F-4B9A-AAB3-1C24A76BB519}.Release|Any CPU.ActiveCfg = Release|Any CPU
		{FA5BC3F5-010F-4B9A-AAB3-1C24A76BB519}.Release|Any CPU.Build.0 = Release|Any CPU
	EndGlobalSection
	GlobalSection(SolutionProperties) = preSolution
		HideSolutionNode = FALSE
	EndGlobalSection
	GlobalSection(ExtensibilityGlobals) = postSolution
		SolutionGuid = {A1A9477A-4FD2-4257-B3DE-B76783E3A1DB}
	EndGlobalSection
EndGlobal
